// !$*UTF8*$!
{
	archiveVersion = 1;
	classes = {
	};
	objectVersion = 46;
	objects = {

/* Begin PBXBuildFile section */
		D704ABE61E82811A00264E95 /* AppDelegate.swift in Sources */ = {isa = PBXBuildFile; fileRef = D704ABE51E82811A00264E95 /* AppDelegate.swift */; };
		D704ABEB1E82811A00264E95 /* Main.storyboard in Resources */ = {isa = PBXBuildFile; fileRef = D704ABE91E82811A00264E95 /* Main.storyboard */; };
		D704ABED1E82811A00264E95 /* Assets.xcassets in Resources */ = {isa = PBXBuildFile; fileRef = D704ABEC1E82811A00264E95 /* Assets.xcassets */; };
		D704ABF01E82811A00264E95 /* LaunchScreen.storyboard in Resources */ = {isa = PBXBuildFile; fileRef = D704ABEE1E82811A00264E95 /* LaunchScreen.storyboard */; };
		D704ABFB1E82811A00264E95 /* JYPlayerTests.swift in Sources */ = {isa = PBXBuildFile; fileRef = D704ABFA1E82811A00264E95 /* JYPlayerTests.swift */; };
		D704AC061E82811B00264E95 /* JYPlayerUITests.swift in Sources */ = {isa = PBXBuildFile; fileRef = D704AC051E82811B00264E95 /* JYPlayerUITests.swift */; };
		D704AC2D1E82842300264E95 /* JYLocalMusicListViewController.storyboard in Resources */ = {isa = PBXBuildFile; fileRef = D704AC161E82842300264E95 /* JYLocalMusicListViewController.storyboard */; };
		D704AC2E1E82842300264E95 /* JYLocalMusicListViewController.swift in Sources */ = {isa = PBXBuildFile; fileRef = D704AC171E82842300264E95 /* JYLocalMusicListViewController.swift */; };
		D704AC2F1E82842300264E95 /* JYMusic.swift in Sources */ = {isa = PBXBuildFile; fileRef = D704AC191E82842300264E95 /* JYMusic.swift */; };
		D704AC301E82842300264E95 /* Main.storyboard in Resources */ = {isa = PBXBuildFile; fileRef = D704AC1D1E82842300264E95 /* Main.storyboard */; };
		D704AC311E82842300264E95 /* ViewController.swift in Sources */ = {isa = PBXBuildFile; fileRef = D704AC1E1E82842300264E95 /* ViewController.swift */; };
		D704AC321E82842300264E95 /* UIView+Extension.swift in Sources */ = {isa = PBXBuildFile; fileRef = D704AC211E82842300264E95 /* UIView+Extension.swift */; };
		D704AC331E82842300264E95 /* JYPlayerManager.swift in Sources */ = {isa = PBXBuildFile; fileRef = D704AC241E82842300264E95 /* JYPlayerManager.swift */; };
		D704AC341E82842300264E95 /* JYPlayView.swift in Sources */ = {isa = PBXBuildFile; fileRef = D704AC251E82842300264E95 /* JYPlayView.swift */; };
		D704AC351E82842300264E95 /* JYPlayView.xib in Resources */ = {isa = PBXBuildFile; fileRef = D704AC261E82842300264E95 /* JYPlayView.xib */; };
		D704AC361E82842300264E95 /* JYOnlineMusicListViewController.storyboard in Resources */ = {isa = PBXBuildFile; fileRef = D704AC291E82842300264E95 /* JYOnlineMusicListViewController.storyboard */; };
		D704AC371E82842300264E95 /* JYOnlineMusicListViewController.swift in Sources */ = {isa = PBXBuildFile; fileRef = D704AC2A1E82842300264E95 /* JYOnlineMusicListViewController.swift */; };
/* End PBXBuildFile section */

/* Begin PBXContainerItemProxy section */
		D704ABF71E82811A00264E95 /* PBXContainerItemProxy */ = {
			isa = PBXContainerItemProxy;
			containerPortal = D704ABDA1E82811A00264E95 /* Project object */;
			proxyType = 1;
			remoteGlobalIDString = D704ABE11E82811A00264E95;
			remoteInfo = JYPlayer;
		};
		D704AC021E82811A00264E95 /* PBXContainerItemProxy */ = {
			isa = PBXContainerItemProxy;
			containerPortal = D704ABDA1E82811A00264E95 /* Project object */;
			proxyType = 1;
			remoteGlobalIDString = D704ABE11E82811A00264E95;
			remoteInfo = JYPlayer;
		};
/* End PBXContainerItemProxy section */

/* Begin PBXFileReference section */
		D704ABE21E82811A00264E95 /* JYPlayer.app */ = {isa = PBXFileReference; explicitFileType = wrapper.application; includeInIndex = 0; path = JYPlayer.app; sourceTree = BUILT_PRODUCTS_DIR; };
		D704ABE51E82811A00264E95 /* AppDelegate.swift */ = {isa = PBXFileReference; lastKnownFileType = sourcecode.swift; path = AppDelegate.swift; sourceTree = "<group>"; };
		D704ABEA1E82811A00264E95 /* Base */ = {isa = PBXFileReference; lastKnownFileType = file.storyboard; name = Base; path = Base.lproj/Main.storyboard; sourceTree = "<group>"; };
		D704ABEC1E82811A00264E95 /* Assets.xcassets */ = {isa = PBXFileReference; lastKnownFileType = folder.assetcatalog; path = Assets.xcassets; sourceTree = "<group>"; };
		D704ABEF1E82811A00264E95 /* Base */ = {isa = PBXFileReference; lastKnownFileType = file.storyboard; name = Base; path = Base.lproj/LaunchScreen.storyboard; sourceTree = "<group>"; };
		D704ABF11E82811A00264E95 /* Info.plist */ = {isa = PBXFileReference; lastKnownFileType = text.plist.xml; path = Info.plist; sourceTree = "<group>"; };
		D704ABF61E82811A00264E95 /* JYPlayerTests.xctest */ = {isa = PBXFileReference; explicitFileType = wrapper.cfbundle; includeInIndex = 0; path = JYPlayerTests.xctest; sourceTree = BUILT_PRODUCTS_DIR; };
		D704ABFA1E82811A00264E95 /* JYPlayerTests.swift */ = {isa = PBXFileReference; lastKnownFileType = sourcecode.swift; path = JYPlayerTests.swift; sourceTree = "<group>"; };
		D704ABFC1E82811A00264E95 /* Info.plist */ = {isa = PBXFileReference; lastKnownFileType = text.plist.xml; path = Info.plist; sourceTree = "<group>"; };
		D704AC011E82811A00264E95 /* JYPlayerUITests.xctest */ = {isa = PBXFileReference; explicitFileType = wrapper.cfbundle; includeInIndex = 0; path = JYPlayerUITests.xctest; sourceTree = BUILT_PRODUCTS_DIR; };
		D704AC051E82811B00264E95 /* JYPlayerUITests.swift */ = {isa = PBXFileReference; lastKnownFileType = sourcecode.swift; path = JYPlayerUITests.swift; sourceTree = "<group>"; };
		D704AC071E82811B00264E95 /* Info.plist */ = {isa = PBXFileReference; lastKnownFileType = text.plist.xml; path = Info.plist; sourceTree = "<group>"; };
		D704AC161E82842300264E95 /* JYLocalMusicListViewController.storyboard */ = {isa = PBXFileReference; fileEncoding = 4; lastKnownFileType = file.storyboard; path = JYLocalMusicListViewController.storyboard; sourceTree = "<group>"; };
		D704AC171E82842300264E95 /* JYLocalMusicListViewController.swift */ = {isa = PBXFileReference; fileEncoding = 4; lastKnownFileType = sourcecode.swift; path = JYLocalMusicListViewController.swift; sourceTree = "<group>"; };
		D704AC191E82842300264E95 /* JYMusic.swift */ = {isa = PBXFileReference; fileEncoding = 4; lastKnownFileType = sourcecode.swift; path = JYMusic.swift; sourceTree = "<group>"; };
		D704AC1D1E82842300264E95 /* Main.storyboard */ = {isa = PBXFileReference; fileEncoding = 4; lastKnownFileType = file.storyboard; path = Main.storyboard; sourceTree = "<group>"; };
		D704AC1E1E82842300264E95 /* ViewController.swift */ = {isa = PBXFileReference; fileEncoding = 4; lastKnownFileType = sourcecode.swift; path = ViewController.swift; sourceTree = "<group>"; };
		D704AC211E82842300264E95 /* UIView+Extension.swift */ = {isa = PBXFileReference; fileEncoding = 4; lastKnownFileType = sourcecode.swift; path = "UIView+Extension.swift"; sourceTree = "<group>"; };
		D704AC241E82842300264E95 /* JYPlayerManager.swift */ = {isa = PBXFileReference; fileEncoding = 4; lastKnownFileType = sourcecode.swift; path = JYPlayerManager.swift; sourceTree = "<group>"; };
		D704AC251E82842300264E95 /* JYPlayView.swift */ = {isa = PBXFileReference; fileEncoding = 4; lastKnownFileType = sourcecode.swift; path = JYPlayView.swift; sourceTree = "<group>"; };
		D704AC261E82842300264E95 /* JYPlayView.xib */ = {isa = PBXFileReference; fileEncoding = 4; lastKnownFileType = file.xib; path = JYPlayView.xib; sourceTree = "<group>"; };
		D704AC291E82842300264E95 /* JYOnlineMusicListViewController.storyboard */ = {isa = PBXFileReference; fileEncoding = 4; lastKnownFileType = file.storyboard; path = JYOnlineMusicListViewController.storyboard; sourceTree = "<group>"; };
		D704AC2A1E82842300264E95 /* JYOnlineMusicListViewController.swift */ = {isa = PBXFileReference; fileEncoding = 4; lastKnownFileType = sourcecode.swift; path = JYOnlineMusicListViewController.swift; sourceTree = "<group>"; };
/* End PBXFileReference section */

/* Begin PBXFrameworksBuildPhase section */
		D704ABDF1E82811A00264E95 /* Frameworks */ = {
			isa = PBXFrameworksBuildPhase;
			buildActionMask = 2147483647;
			files = (
			);
			runOnlyForDeploymentPostprocessing = 0;
		};
		D704ABF31E82811A00264E95 /* Frameworks */ = {
			isa = PBXFrameworksBuildPhase;
			buildActionMask = 2147483647;
			files = (
			);
			runOnlyForDeploymentPostprocessing = 0;
		};
		D704ABFE1E82811A00264E95 /* Frameworks */ = {
			isa = PBXFrameworksBuildPhase;
			buildActionMask = 2147483647;
			files = (
			);
			runOnlyForDeploymentPostprocessing = 0;
		};
/* End PBXFrameworksBuildPhase section */

/* Begin PBXGroup section */
		D704ABD91E82811A00264E95 = {
			isa = PBXGroup;
			children = (
				D704ABE41E82811A00264E95 /* JYPlayer */,
				D704ABF91E82811A00264E95 /* JYPlayerTests */,
				D704AC041E82811B00264E95 /* JYPlayerUITests */,
				D704ABE31E82811A00264E95 /* Products */,
			);
			sourceTree = "<group>";
		};
		D704ABE31E82811A00264E95 /* Products */ = {
			isa = PBXGroup;
			children = (
				D704ABE21E82811A00264E95 /* JYPlayer.app */,
				D704ABF61E82811A00264E95 /* JYPlayerTests.xctest */,
				D704AC011E82811A00264E95 /* JYPlayerUITests.xctest */,
			);
			name = Products;
			sourceTree = "<group>";
		};
		D704ABE41E82811A00264E95 /* JYPlayer */ = {
			isa = PBXGroup;
			children = (
				D704AC131E82842300264E95 /* Classes */,
				D704ABE51E82811A00264E95 /* AppDelegate.swift */,
				D704ABE91E82811A00264E95 /* Main.storyboard */,
				D704ABEC1E82811A00264E95 /* Assets.xcassets */,
				D704ABEE1E82811A00264E95 /* LaunchScreen.storyboard */,
				D704ABF11E82811A00264E95 /* Info.plist */,
			);
			path = JYPlayer;
			sourceTree = "<group>";
		};
		D704ABF91E82811A00264E95 /* JYPlayerTests */ = {
			isa = PBXGroup;
			children = (
				D704ABFA1E82811A00264E95 /* JYPlayerTests.swift */,
				D704ABFC1E82811A00264E95 /* Info.plist */,
			);
			path = JYPlayerTests;
			sourceTree = "<group>";
		};
		D704AC041E82811B00264E95 /* JYPlayerUITests */ = {
			isa = PBXGroup;
			children = (
				D704AC051E82811B00264E95 /* JYPlayerUITests.swift */,
				D704AC071E82811B00264E95 /* Info.plist */,
			);
			path = JYPlayerUITests;
			sourceTree = "<group>";
		};
		D704AC131E82842300264E95 /* Classes */ = {
			isa = PBXGroup;
			children = (
				D704AC141E82842300264E95 /* LocalPlay */,
				D704AC1B1E82842300264E95 /* Main */,
				D704AC231E82842300264E95 /* Music */,
				D704AC271E82842300264E95 /* OnlinePlay */,
			);
			path = Classes;
			sourceTree = "<group>";
		};
		D704AC141E82842300264E95 /* LocalPlay */ = {
			isa = PBXGroup;
			children = (
				D704AC151E82842300264E95 /* Controllers */,
				D704AC181E82842300264E95 /* Models */,
				D704AC1A1E82842300264E95 /* Views */,
			);
			path = LocalPlay;
			sourceTree = "<group>";
		};
		D704AC151E82842300264E95 /* Controllers */ = {
			isa = PBXGroup;
			children = (
				D704AC161E82842300264E95 /* JYLocalMusicListViewController.storyboard */,
				D704AC171E82842300264E95 /* JYLocalMusicListViewController.swift */,
			);
			path = Controllers;
			sourceTree = "<group>";
		};
		D704AC181E82842300264E95 /* Models */ = {
			isa = PBXGroup;
			children = (
				D704AC191E82842300264E95 /* JYMusic.swift */,
			);
			path = Models;
			sourceTree = "<group>";
		};
		D704AC1A1E82842300264E95 /* Views */ = {
			isa = PBXGroup;
			children = (
			);
			path = Views;
			sourceTree = "<group>";
		};
		D704AC1B1E82842300264E95 /* Main */ = {
			isa = PBXGroup;
			children = (
				D704AC1C1E82842300264E95 /* Controllers */,
				D704AC1F1E82842300264E95 /* Models */,
				D704AC201E82842300264E95 /* Others */,
				D704AC221E82842300264E95 /* Views */,
			);
			path = Main;
			sourceTree = "<group>";
		};
		D704AC1C1E82842300264E95 /* Controllers */ = {
			isa = PBXGroup;
			children = (
				D704AC1D1E82842300264E95 /* Main.storyboard */,
				D704AC1E1E82842300264E95 /* ViewController.swift */,
			);
			path = Controllers;
			sourceTree = "<group>";
		};
		D704AC1F1E82842300264E95 /* Models */ = {
			isa = PBXGroup;
			children = (
			);
			path = Models;
			sourceTree = "<group>";
		};
		D704AC201E82842300264E95 /* Others */ = {
			isa = PBXGroup;
			children = (
				D704AC211E82842300264E95 /* UIView+Extension.swift */,
			);
			path = Others;
			sourceTree = "<group>";
		};
		D704AC221E82842300264E95 /* Views */ = {
			isa = PBXGroup;
			children = (
			);
			path = Views;
			sourceTree = "<group>";
		};
		D704AC231E82842300264E95 /* Music */ = {
			isa = PBXGroup;
			children = (
				D704AC241E82842300264E95 /* JYPlayerManager.swift */,
				D704AC251E82842300264E95 /* JYPlayView.swift */,
				D704AC261E82842300264E95 /* JYPlayView.xib */,
			);
			path = Music;
			sourceTree = "<group>";
		};
		D704AC271E82842300264E95 /* OnlinePlay */ = {
			isa = PBXGroup;
			children = (
				D704AC281E82842300264E95 /* Controllers */,
				D704AC2B1E82842300264E95 /* Models */,
				D704AC2C1E82842300264E95 /* Views */,
			);
			path = OnlinePlay;
			sourceTree = "<group>";
		};
		D704AC281E82842300264E95 /* Controllers */ = {
			isa = PBXGroup;
			children = (
				D704AC291E82842300264E95 /* JYOnlineMusicListViewController.storyboard */,
				D704AC2A1E82842300264E95 /* JYOnlineMusicListViewController.swift */,
			);
			path = Controllers;
			sourceTree = "<group>";
		};
		D704AC2B1E82842300264E95 /* Models */ = {
			isa = PBXGroup;
			children = (
			);
			path = Models;
			sourceTree = "<group>";
		};
		D704AC2C1E82842300264E95 /* Views */ = {
			isa = PBXGroup;
			children = (
			);
			path = Views;
			sourceTree = "<group>";
		};
/* End PBXGroup section */

/* Begin PBXNativeTarget section */
		D704ABE11E82811A00264E95 /* JYPlayer */ = {
			isa = PBXNativeTarget;
			buildConfigurationList = D704AC0A1E82811B00264E95 /* Build configuration list for PBXNativeTarget "JYPlayer" */;
			buildPhases = (
				D704ABDE1E82811A00264E95 /* Sources */,
				D704ABDF1E82811A00264E95 /* Frameworks */,
				D704ABE01E82811A00264E95 /* Resources */,
			);
			buildRules = (
			);
			dependencies = (
			);
			name = JYPlayer;
			productName = JYPlayer;
			productReference = D704ABE21E82811A00264E95 /* JYPlayer.app */;
			productType = "com.apple.product-type.application";
		};
		D704ABF51E82811A00264E95 /* JYPlayerTests */ = {
			isa = PBXNativeTarget;
			buildConfigurationList = D704AC0D1E82811B00264E95 /* Build configuration list for PBXNativeTarget "JYPlayerTests" */;
			buildPhases = (
				D704ABF21E82811A00264E95 /* Sources */,
				D704ABF31E82811A00264E95 /* Frameworks */,
				D704ABF41E82811A00264E95 /* Resources */,
			);
			buildRules = (
			);
			dependencies = (
				D704ABF81E82811A00264E95 /* PBXTargetDependency */,
			);
			name = JYPlayerTests;
			productName = JYPlayerTests;
			productReference = D704ABF61E82811A00264E95 /* JYPlayerTests.xctest */;
			productType = "com.apple.product-type.bundle.unit-test";
		};
		D704AC001E82811A00264E95 /* JYPlayerUITests */ = {
			isa = PBXNativeTarget;
			buildConfigurationList = D704AC101E82811B00264E95 /* Build configuration list for PBXNativeTarget "JYPlayerUITests" */;
			buildPhases = (
				D704ABFD1E82811A00264E95 /* Sources */,
				D704ABFE1E82811A00264E95 /* Frameworks */,
				D704ABFF1E82811A00264E95 /* Resources */,
			);
			buildRules = (
			);
			dependencies = (
				D704AC031E82811A00264E95 /* PBXTargetDependency */,
			);
			name = JYPlayerUITests;
			productName = JYPlayerUITests;
			productReference = D704AC011E82811A00264E95 /* JYPlayerUITests.xctest */;
			productType = "com.apple.product-type.bundle.ui-testing";
		};
/* End PBXNativeTarget section */

/* Begin PBXProject section */
		D704ABDA1E82811A00264E95 /* Project object */ = {
			isa = PBXProject;
			attributes = {
				LastSwiftUpdateCheck = 0820;
				LastUpgradeCheck = 0820;
				ORGANIZATIONNAME = "靳志远";
				TargetAttributes = {
					D704ABE11E82811A00264E95 = {
						CreatedOnToolsVersion = 8.2.1;
						DevelopmentTeam = Y2S2575EP7;
						ProvisioningStyle = Automatic;
					};
					D704ABF51E82811A00264E95 = {
						CreatedOnToolsVersion = 8.2.1;
						DevelopmentTeam = Y2S2575EP7;
						ProvisioningStyle = Automatic;
						TestTargetID = D704ABE11E82811A00264E95;
					};
					D704AC001E82811A00264E95 = {
						CreatedOnToolsVersion = 8.2.1;
						DevelopmentTeam = Y2S2575EP7;
						ProvisioningStyle = Automatic;
						TestTargetID = D704ABE11E82811A00264E95;
					};
				};
			};
			buildConfigurationList = D704ABDD1E82811A00264E95 /* Build configuration list for PBXProject "JYPlayer" */;
			compatibilityVersion = "Xcode 3.2";
			developmentRegion = English;
			hasScannedForEncodings = 0;
			knownRegions = (
				en,
				Base,
			);
			mainGroup = D704ABD91E82811A00264E95;
			productRefGroup = D704ABE31E82811A00264E95 /* Products */;
			projectDirPath = "";
			projectRoot = "";
			targets = (
				D704ABE11E82811A00264E95 /* JYPlayer */,
				D704ABF51E82811A00264E95 /* JYPlayerTests */,
				D704AC001E82811A00264E95 /* JYPlayerUITests */,
			);
		};
/* End PBXProject section */

/* Begin PBXResourcesBuildPhase section */
		D704ABE01E82811A00264E95 /* Resources */ = {
			isa = PBXResourcesBuildPhase;
			buildActionMask = 2147483647;
			files = (
				D704AC361E82842300264E95 /* JYOnlineMusicListViewController.storyboard in Resources */,
				D704ABF01E82811A00264E95 /* LaunchScreen.storyboard in Resources */,
				D704AC301E82842300264E95 /* Main.storyboard in Resources */,
				D704ABED1E82811A00264E95 /* Assets.xcassets in Resources */,
				D704AC351E82842300264E95 /* JYPlayView.xib in Resources */,
				D704AC2D1E82842300264E95 /* JYLocalMusicListViewController.storyboard in Resources */,
				D704ABEB1E82811A00264E95 /* Main.storyboard in Resources */,
			);
			runOnlyForDeploymentPostprocessing = 0;
		};
		D704ABF41E82811A00264E95 /* Resources */ = {
			isa = PBXResourcesBuildPhase;
			buildActionMask = 2147483647;
			files = (
			);
			runOnlyForDeploymentPostprocessing = 0;
		};
		D704ABFF1E82811A00264E95 /* Resources */ = {
			isa = PBXResourcesBuildPhase;
			buildActionMask = 2147483647;
			files = (
			);
			runOnlyForDeploymentPostprocessing = 0;
		};
/* End PBXResourcesBuildPhase section */

/* Begin PBXSourcesBuildPhase section */
		D704ABDE1E82811A00264E95 /* Sources */ = {
			isa = PBXSourcesBuildPhase;
			buildActionMask = 2147483647;
			files = (
				D704AC341E82842300264E95 /* JYPlayView.swift in Sources */,
				D704AC2F1E82842300264E95 /* JYMusic.swift in Sources */,
				D704AC331E82842300264E95 /* JYPlayerManager.swift in Sources */,
				D704ABE61E82811A00264E95 /* AppDelegate.swift in Sources */,
				D704AC371E82842300264E95 /* JYOnlineMusicListViewController.swift in Sources */,
				D704AC311E82842300264E95 /* ViewController.swift in Sources */,
				D704AC321E82842300264E95 /* UIView+Extension.swift in Sources */,
				D704AC2E1E82842300264E95 /* JYLocalMusicListViewController.swift in Sources */,
			);
			runOnlyForDeploymentPostprocessing = 0;
		};
		D704ABF21E82811A00264E95 /* Sources */ = {
			isa = PBXSourcesBuildPhase;
			buildActionMask = 2147483647;
			files = (
				D704ABFB1E82811A00264E95 /* JYPlayerTests.swift in Sources */,
			);
			runOnlyForDeploymentPostprocessing = 0;
		};
		D704ABFD1E82811A00264E95 /* Sources */ = {
			isa = PBXSourcesBuildPhase;
			buildActionMask = 2147483647;
			files = (
				D704AC061E82811B00264E95 /* JYPlayerUITests.swift in Sources */,
			);
			runOnlyForDeploymentPostprocessing = 0;
		};
/* End PBXSourcesBuildPhase section */

/* Begin PBXTargetDependency section */
		D704ABF81E82811A00264E95 /* PBXTargetDependency */ = {
			isa = PBXTargetDependency;
			target = D704ABE11E82811A00264E95 /* JYPlayer */;
			targetProxy = D704ABF71E82811A00264E95 /* PBXContainerItemProxy */;
		};
		D704AC031E82811A00264E95 /* PBXTargetDependency */ = {
			isa = PBXTargetDependency;
			target = D704ABE11E82811A00264E95 /* JYPlayer */;
			targetProxy = D704AC021E82811A00264E95 /* PBXContainerItemProxy */;
		};
/* End PBXTargetDependency section */

/* Begin PBXVariantGroup section */
		D704ABE91E82811A00264E95 /* Main.storyboard */ = {
			isa = PBXVariantGroup;
			children = (
				D704ABEA1E82811A00264E95 /* Base */,
			);
			name = Main.storyboard;
			sourceTree = "<group>";
		};
		D704ABEE1E82811A00264E95 /* LaunchScreen.storyboard */ = {
			isa = PBXVariantGroup;
			children = (
				D704ABEF1E82811A00264E95 /* Base */,
			);
			name = LaunchScreen.storyboard;
			sourceTree = "<group>";
		};
/* End PBXVariantGroup section */

/* Begin XCBuildConfiguration section */
		D704AC081E82811B00264E95 /* Debug */ = {
			isa = XCBuildConfiguration;
			buildSettings = {
				ALWAYS_SEARCH_USER_PATHS = NO;
				CLANG_ANALYZER_NONNULL = YES;
				CLANG_CXX_LANGUAGE_STANDARD = "gnu++0x";
				CLANG_CXX_LIBRARY = "libc++";
				CLANG_ENABLE_MODULES = YES;
				CLANG_ENABLE_OBJC_ARC = YES;
				CLANG_WARN_BOOL_CONVERSION = YES;
				CLANG_WARN_CONSTANT_CONVERSION = YES;
				CLANG_WARN_DIRECT_OBJC_ISA_USAGE = YES_ERROR;
				CLANG_WARN_DOCUMENTATION_COMMENTS = YES;
				CLANG_WARN_EMPTY_BODY = YES;
				CLANG_WARN_ENUM_CONVERSION = YES;
				CLANG_WARN_INFINITE_RECURSION = YES;
				CLANG_WARN_INT_CONVERSION = YES;
				CLANG_WARN_OBJC_ROOT_CLASS = YES_ERROR;
				CLANG_WARN_SUSPICIOUS_MOVE = YES;
				CLANG_WARN_UNREACHABLE_CODE = YES;
				CLANG_WARN__DUPLICATE_METHOD_MATCH = YES;
				"CODE_SIGN_IDENTITY[sdk=iphoneos*]" = "iPhone Developer";
				COPY_PHASE_STRIP = NO;
				DEBUG_INFORMATION_FORMAT = dwarf;
				ENABLE_STRICT_OBJC_MSGSEND = YES;
				ENABLE_TESTABILITY = YES;
				GCC_C_LANGUAGE_STANDARD = gnu99;
				GCC_DYNAMIC_NO_PIC = NO;
				GCC_NO_COMMON_BLOCKS = YES;
				GCC_OPTIMIZATION_LEVEL = 0;
				GCC_PREPROCESSOR_DEFINITIONS = (
					"DEBUG=1",
					"$(inherited)",
				);
				GCC_WARN_64_TO_32_BIT_CONVERSION = YES;
				GCC_WARN_ABOUT_RETURN_TYPE = YES_ERROR;
				GCC_WARN_UNDECLARED_SELECTOR = YES;
				GCC_WARN_UNINITIALIZED_AUTOS = YES_AGGRESSIVE;
				GCC_WARN_UNUSED_FUNCTION = YES;
				GCC_WARN_UNUSED_VARIABLE = YES;
				IPHONEOS_DEPLOYMENT_TARGET = 10.2;
				MTL_ENABLE_DEBUG_INFO = YES;
				ONLY_ACTIVE_ARCH = YES;
				SDKROOT = iphoneos;
				SWIFT_ACTIVE_COMPILATION_CONDITIONS = DEBUG;
				SWIFT_OPTIMIZATION_LEVEL = "-Onone";
				TARGETED_DEVICE_FAMILY = "1,2";
			};
			name = Debug;
		};
		D704AC091E82811B00264E95 /* Release */ = {
			isa = XCBuildConfiguration;
			buildSettings = {
				ALWAYS_SEARCH_USER_PATHS = NO;
				CLANG_ANALYZER_NONNULL = YES;
				CLANG_CXX_LANGUAGE_STANDARD = "gnu++0x";
				CLANG_CXX_LIBRARY = "libc++";
				CLANG_ENABLE_MODULES = YES;
				CLANG_ENABLE_OBJC_ARC = YES;
				CLANG_WARN_BOOL_CONVERSION = YES;
				CLANG_WARN_CONSTANT_CONVERSION = YES;
				CLANG_WARN_DIRECT_OBJC_ISA_USAGE = YES_ERROR;
				CLANG_WARN_DOCUMENTATION_COMMENTS = YES;
				CLANG_WARN_EMPTY_BODY = YES;
				CLANG_WARN_ENUM_CONVERSION = YES;
				CLANG_WARN_INFINITE_RECURSION = YES;
				CLANG_WARN_INT_CONVERSION = YES;
				CLANG_WARN_OBJC_ROOT_CLASS = YES_ERROR;
				CLANG_WARN_SUSPICIOUS_MOVE = YES;
				CLANG_WARN_UNREACHABLE_CODE = YES;
				CLANG_WARN__DUPLICATE_METHOD_MATCH = YES;
				"CODE_SIGN_IDENTITY[sdk=iphoneos*]" = "iPhone Developer";
				COPY_PHASE_STRIP = NO;
				DEBUG_INFORMATION_FORMAT = "dwarf-with-dsym";
				ENABLE_NS_ASSERTIONS = NO;
				ENABLE_STRICT_OBJC_MSGSEND = YES;
				GCC_C_LANGUAGE_STANDARD = gnu99;
				GCC_NO_COMMON_BLOCKS = YES;
				GCC_WARN_64_TO_32_BIT_CONVERSION = YES;
				GCC_WARN_ABOUT_RETURN_TYPE = YES_ERROR;
				GCC_WARN_UNDECLARED_SELECTOR = YES;
				GCC_WARN_UNINITIALIZED_AUTOS = YES_AGGRESSIVE;
				GCC_WARN_UNUSED_FUNCTION = YES;
				GCC_WARN_UNUSED_VARIABLE = YES;
				IPHONEOS_DEPLOYMENT_TARGET = 10.2;
				MTL_ENABLE_DEBUG_INFO = NO;
				SDKROOT = iphoneos;
				SWIFT_OPTIMIZATION_LEVEL = "-Owholemodule";
				TARGETED_DEVICE_FAMILY = "1,2";
				VALIDATE_PRODUCT = YES;
			};
			name = Release;
		};
		D704AC0B1E82811B00264E95 /* Debug */ = {
			isa = XCBuildConfiguration;
			buildSettings = {
				ASSETCATALOG_COMPILER_APPICON_NAME = AppIcon;
				DEVELOPMENT_TEAM = Y2S2575EP7;
				INFOPLIST_FILE = JYPlayer/Info.plist;
				LD_RUNPATH_SEARCH_PATHS = "$(inherited) @executable_path/Frameworks";
				PRODUCT_BUNDLE_IDENTIFIER = "-2345.JYPlayer";
				PRODUCT_NAME = "$(TARGET_NAME)";
				SWIFT_VERSION = 3.0;
			};
			name = Debug;
		};
		D704AC0C1E82811B00264E95 /* Release */ = {
			isa = XCBuildConfiguration;
			buildSettings = {
				ASSETCATALOG_COMPILER_APPICON_NAME = AppIcon;
				DEVELOPMENT_TEAM = Y2S2575EP7;
				INFOPLIST_FILE = JYPlayer/Info.plist;
				LD_RUNPATH_SEARCH_PATHS = "$(inherited) @executable_path/Frameworks";
				PRODUCT_BUNDLE_IDENTIFIER = "-2345.JYPlayer";
				PRODUCT_NAME = "$(TARGET_NAME)";
				SWIFT_VERSION = 3.0;
			};
			name = Release;
		};
		D704AC0E1E82811B00264E95 /* Debug */ = {
			isa = XCBuildConfiguration;
			buildSettings = {
				ALWAYS_EMBED_SWIFT_STANDARD_LIBRARIES = YES;
				BUNDLE_LOADER = "$(TEST_HOST)";
				DEVELOPMENT_TEAM = Y2S2575EP7;
				INFOPLIST_FILE = JYPlayerTests/Info.plist;
				LD_RUNPATH_SEARCH_PATHS = "$(inherited) @executable_path/Frameworks @loader_path/Frameworks";
				PRODUCT_BUNDLE_IDENTIFIER = "-2345.JYPlayerTests";
				PRODUCT_NAME = "$(TARGET_NAME)";
				SWIFT_VERSION = 3.0;
				TEST_HOST = "$(BUILT_PRODUCTS_DIR)/JYPlayer.app/JYPlayer";
			};
			name = Debug;
		};
		D704AC0F1E82811B00264E95 /* Release */ = {
			isa = XCBuildConfiguration;
			buildSettings = {
				ALWAYS_EMBED_SWIFT_STANDARD_LIBRARIES = YES;
				BUNDLE_LOADER = "$(TEST_HOST)";
				DEVELOPMENT_TEAM = Y2S2575EP7;
				INFOPLIST_FILE = JYPlayerTests/Info.plist;
				LD_RUNPATH_SEARCH_PATHS = "$(inherited) @executable_path/Frameworks @loader_path/Frameworks";
				PRODUCT_BUNDLE_IDENTIFIER = "-2345.JYPlayerTests";
				PRODUCT_NAME = "$(TARGET_NAME)";
				SWIFT_VERSION = 3.0;
				TEST_HOST = "$(BUILT_PRODUCTS_DIR)/JYPlayer.app/JYPlayer";
			};
			name = Release;
		};
		D704AC111E82811B00264E95 /* Debug */ = {
			isa = XCBuildConfiguration;
			buildSettings = {
				ALWAYS_EMBED_SWIFT_STANDARD_LIBRARIES = YES;
				DEVELOPMENT_TEAM = Y2S2575EP7;
				INFOPLIST_FILE = JYPlayerUITests/Info.plist;
				LD_RUNPATH_SEARCH_PATHS = "$(inherited) @executable_path/Frameworks @loader_path/Frameworks";
				PRODUCT_BUNDLE_IDENTIFIER = "-2345.JYPlayerUITests";
				PRODUCT_NAME = "$(TARGET_NAME)";
				SWIFT_VERSION = 3.0;
				TEST_TARGET_NAME = JYPlayer;
			};
			name = Debug;
		};
		D704AC121E82811B00264E95 /* Release */ = {
			isa = XCBuildConfiguration;
			buildSettings = {
				ALWAYS_EMBED_SWIFT_STANDARD_LIBRARIES = YES;
				DEVELOPMENT_TEAM = Y2S2575EP7;
				INFOPLIST_FILE = JYPlayerUITests/Info.plist;
				LD_RUNPATH_SEARCH_PATHS = "$(inherited) @executable_path/Frameworks @loader_path/Frameworks";
				PRODUCT_BUNDLE_IDENTIFIER = "-2345.JYPlayerUITests";
				PRODUCT_NAME = "$(TARGET_NAME)";
				SWIFT_VERSION = 3.0;
				TEST_TARGET_NAME = JYPlayer;
			};
			name = Release;
		};
/* End XCBuildConfiguration section */

/* Begin XCConfigurationList section */
		D704ABDD1E82811A00264E95 /* Build configuration list for PBXProject "JYPlayer" */ = {
			isa = XCConfigurationList;
			buildConfigurations = (
				D704AC081E82811B00264E95 /* Debug */,
				D704AC091E82811B00264E95 /* Release */,
			);
			defaultConfigurationIsVisible = 0;
			defaultConfigurationName = Release;
		};
		D704AC0A1E82811B00264E95 /* Build configuration list for PBXNativeTarget "JYPlayer" */ = {
			isa = XCConfigurationList;
			buildConfigurations = (
				D704AC0B1E82811B00264E95 /* Debug */,
				D704AC0C1E82811B00264E95 /* Release */,
			);
			defaultConfigurationIsVisible = 0;
			defaultConfigurationName = Release;
		};
		D704AC0D1E82811B00264E95 /* Build configuration list for PBXNativeTarget "JYPlayerTests" */ = {
			isa = XCConfigurationList;
			buildConfigurations = (
				D704AC0E1E82811B00264E95 /* Debug */,
				D704AC0F1E82811B00264E95 /* Release */,
			);
			defaultConfigurationIsVisible = 0;
			defaultConfigurationName = Release;
		};
		D704AC101E82811B00264E95 /* Build configuration list for PBXNativeTarget "JYPlayerUITests" */ = {
			isa = XCConfigurationList;
			buildConfigurations = (
				D704AC111E82811B00264E95 /* Debug */,
				D704AC121E82811B00264E95 /* Release */,
			);
			defaultConfigurationIsVisible = 0;
			defaultConfigurationName = Release;
		};
/* End XCConfigurationList section */
	};
	rootObject = D704ABDA1E82811A00264E95 /* Project object */;
}
